// !$*UTF8*$!
{
	archiveVersion = 1;
	classes = {
	};
	objectVersion = 56;
	objects = {

/* Begin PBXBuildFile section */
		D913C2CB2A1C0AE000AA0D7A /* Node.swift in Sources */ = {isa = PBXBuildFile; fileRef = D913C2CA2A1C0AE000AA0D7A /* Node.swift */; };
		D9F7CD452A1BEB0300AF79AC /* graphUtilsApp.swift in Sources */ = {isa = PBXBuildFile; fileRef = D9F7CD442A1BEB0300AF79AC /* graphUtilsApp.swift */; };
		D9F7CD472A1BEB0300AF79AC /* ContentView.swift in Sources */ = {isa = PBXBuildFile; fileRef = D9F7CD462A1BEB0300AF79AC /* ContentView.swift */; };
		D9F7CD492A1BEB0400AF79AC /* Assets.xcassets in Resources */ = {isa = PBXBuildFile; fileRef = D9F7CD482A1BEB0400AF79AC /* Assets.xcassets */; };
		D9F7CD4C2A1BEB0400AF79AC /* Preview Assets.xcassets in Resources */ = {isa = PBXBuildFile; fileRef = D9F7CD4B2A1BEB0400AF79AC /* Preview Assets.xcassets */; };
		D9F7CD4E2A1BEB0400AF79AC /* Persistence.swift in Sources */ = {isa = PBXBuildFile; fileRef = D9F7CD4D2A1BEB0400AF79AC /* Persistence.swift */; };
		D9F7CD512A1BEB0400AF79AC /* graphUtils.xcdatamodeld in Sources */ = {isa = PBXBuildFile; fileRef = D9F7CD4F2A1BEB0400AF79AC /* graphUtils.xcdatamodeld */; };
/* End PBXBuildFile section */

/* Begin PBXFileReference section */
		D913C2CA2A1C0AE000AA0D7A /* Node.swift */ = {isa = PBXFileReference; lastKnownFileType = sourcecode.swift; path = Node.swift; sourceTree = "<group>"; };
		D9F7CD412A1BEB0300AF79AC /* graphUtils.app */ = {isa = PBXFileReference; explicitFileType = wrapper.application; includeInIndex = 0; path = graphUtils.app; sourceTree = BUILT_PRODUCTS_DIR; };
		D9F7CD442A1BEB0300AF79AC /* graphUtilsApp.swift */ = {isa = PBXFileReference; lastKnownFileType = sourcecode.swift; path = graphUtilsApp.swift; sourceTree = "<group>"; };
		D9F7CD462A1BEB0300AF79AC /* ContentView.swift */ = {isa = PBXFileReference; lastKnownFileType = sourcecode.swift; path = ContentView.swift; sourceTree = "<group>"; };
		D9F7CD482A1BEB0400AF79AC /* Assets.xcassets */ = {isa = PBXFileReference; lastKnownFileType = folder.assetcatalog; path = Assets.xcassets; sourceTree = "<group>"; };
		D9F7CD4B2A1BEB0400AF79AC /* Preview Assets.xcassets */ = {isa = PBXFileReference; lastKnownFileType = folder.assetcatalog; path = "Preview Assets.xcassets"; sourceTree = "<group>"; };
		D9F7CD4D2A1BEB0400AF79AC /* Persistence.swift */ = {isa = PBXFileReference; lastKnownFileType = sourcecode.swift; path = Persistence.swift; sourceTree = "<group>"; };
		D9F7CD502A1BEB0400AF79AC /* graphUtils.xcdatamodel */ = {isa = PBXFileReference; lastKnownFileType = wrapper.xcdatamodel; path = graphUtils.xcdatamodel; sourceTree = "<group>"; };
/* End PBXFileReference section */

/* Begin PBXFrameworksBuildPhase section */
		D9F7CD3E2A1BEB0300AF79AC /* Frameworks */ = {
			isa = PBXFrameworksBuildPhase;
			buildActionMask = 2147483647;
			files = (
			);
			runOnlyForDeploymentPostprocessing = 0;
		};
/* End PBXFrameworksBuildPhase section */

/* Begin PBXGroup section */
		D913C2C92A1C0AC000AA0D7A /* UIComponents */ = {
			isa = PBXGroup;
			children = (
				D913C2CA2A1C0AE000AA0D7A /* Node.swift */,
			);
			path = UIComponents;
			sourceTree = "<group>";
		};
		D9F7CD382A1BEB0300AF79AC = {
			isa = PBXGroup;
			children = (
				D9F7CD432A1BEB0300AF79AC /* graphUtils */,
				D9F7CD422A1BEB0300AF79AC /* Products */,
			);
			sourceTree = "<group>";
		};
		D9F7CD422A1BEB0300AF79AC /* Products */ = {
			isa = PBXGroup;
			children = (
				D9F7CD412A1BEB0300AF79AC /* graphUtils.app */,
			);
			name = Products;
			sourceTree = "<group>";
		};
		D9F7CD432A1BEB0300AF79AC /* graphUtils */ = {
			isa = PBXGroup;
			children = (
				D913C2C92A1C0AC000AA0D7A /* UIComponents */,
				D9F7CD442A1BEB0300AF79AC /* graphUtilsApp.swift */,
				D9F7CD462A1BEB0300AF79AC /* ContentView.swift */,
				D9F7CD482A1BEB0400AF79AC /* Assets.xcassets */,
				D9F7CD4D2A1BEB0400AF79AC /* Persistence.swift */,
				D9F7CD4F2A1BEB0400AF79AC /* graphUtils.xcdatamodeld */,
				D9F7CD4A2A1BEB0400AF79AC /* Preview Content */,
			);
			path = graphUtils;
			sourceTree = "<group>";
		};
		D9F7CD4A2A1BEB0400AF79AC /* Preview Content */ = {
			isa = PBXGroup;
			children = (
				D9F7CD4B2A1BEB0400AF79AC /* Preview Assets.xcassets */,
			);
			path = "Preview Content";
			sourceTree = "<group>";
		};
/* End PBXGroup section */

/* Begin PBXNativeTarget section */
		D9F7CD402A1BEB0300AF79AC /* graphUtils */ = {
			isa = PBXNativeTarget;
			buildConfigurationList = D9F7CD542A1BEB0400AF79AC /* Build configuration list for PBXNativeTarget "graphUtils" */;
			buildPhases = (
				D9F7CD3D2A1BEB0300AF79AC /* Sources */,
				D9F7CD3E2A1BEB0300AF79AC /* Frameworks */,
				D9F7CD3F2A1BEB0300AF79AC /* Resources */,
			);
			buildRules = (
			);
			dependencies = (
			);
			name = graphUtils;
			productName = graphUtils;
			productReference = D9F7CD412A1BEB0300AF79AC /* graphUtils.app */;
			productType = "com.apple.product-type.application";
		};
/* End PBXNativeTarget section */

/* Begin PBXProject section */
		D9F7CD392A1BEB0300AF79AC /* Project object */ = {
			isa = PBXProject;
			attributes = {
				BuildIndependentTargetsInParallel = 1;
				LastSwiftUpdateCheck = 1410;
				LastUpgradeCheck = 1410;
				TargetAttributes = {
					D9F7CD402A1BEB0300AF79AC = {
						CreatedOnToolsVersion = 14.1;
					};
				};
			};
			buildConfigurationList = D9F7CD3C2A1BEB0300AF79AC /* Build configuration list for PBXProject "graphUtils" */;
			compatibilityVersion = "Xcode 14.0";
			developmentRegion = en;
			hasScannedForEncodings = 0;
			knownRegions = (
				en,
				Base,
			);
			mainGroup = D9F7CD382A1BEB0300AF79AC;
			productRefGroup = D9F7CD422A1BEB0300AF79AC /* Products */;
			projectDirPath = "";
			projectRoot = "";
			targets = (
				D9F7CD402A1BEB0300AF79AC /* graphUtils */,
			);
		};
/* End PBXProject section */

/* Begin PBXResourcesBuildPhase section */
		D9F7CD3F2A1BEB0300AF79AC /* Resources */ = {
			isa = PBXResourcesBuildPhase;
			buildActionMask = 2147483647;
			files = (
				D9F7CD4C2A1BEB0400AF79AC /* Preview Assets.xcassets in Resources */,
				D9F7CD492A1BEB0400AF79AC /* Assets.xcassets in Resources */,
			);
			runOnlyForDeploymentPostprocessing = 0;
		};
/* End PBXResourcesBuildPhase section */

/* Begin PBXSourcesBuildPhase section */
		D9F7CD3D2A1BEB0300AF79AC /* Sources */ = {
			isa = PBXSourcesBuildPhase;
			buildActionMask = 2147483647;
			files = (
				D9F7CD4E2A1BEB0400AF79AC /* Persistence.swift in Sources */,
				D913C2CB2A1C0AE000AA0D7A /* Node.swift in Sources */,
				D9F7CD472A1BEB0300AF79AC /* ContentView.swift in Sources */,
				D9F7CD512A1BEB0400AF79AC /* graphUtils.xcdatamodeld in Sources */,
				D9F7CD452A1BEB0300AF79AC /* graphUtilsApp.swift in Sources */,
			);
			runOnlyForDeploymentPostprocessing = 0;
		};
/* End PBXSourcesBuildPhase section */

/* Begin XCBuildConfiguration section */
		D9F7CD522A1BEB0400AF79AC /* Debug */ = {
			isa = XCBuildConfiguration;
			buildSettings = {
				ALWAYS_SEARCH_USER_PATHS = NO;
				CLANG_ANALYZER_NONNULL = YES;
				CLANG_ANALYZER_NUMBER_OBJECT_CONVERSION = YES_AGGRESSIVE;
				CLANG_CXX_LANGUAGE_STANDARD = "gnu++20";
				CLANG_ENABLE_MODULES = YES;
				CLANG_ENABLE_OBJC_ARC = YES;
				CLANG_ENABLE_OBJC_WEAK = YES;
				CLANG_WARN_BLOCK_CAPTURE_AUTORELEASING = YES;
				CLANG_WARN_BOOL_CONVERSION = YES;
				CLANG_WARN_COMMA = YES;
				CLANG_WARN_CONSTANT_CONVERSION = YES;
				CLANG_WARN_DEPRECATED_OBJC_IMPLEMENTATIONS = YES;
				CLANG_WARN_DIRECT_OBJC_ISA_USAGE = YES_ERROR;
				CLANG_WARN_DOCUMENTATION_COMMENTS = YES;
				CLANG_WARN_EMPTY_BODY = YES;
				CLANG_WARN_ENUM_CONVERSION = YES;
				CLANG_WARN_INFINITE_RECURSION = YES;
				CLANG_WARN_INT_CONVERSION = YES;
				CLANG_WARN_NON_LITERAL_NULL_CONVERSION = YES;
				CLANG_WARN_OBJC_IMPLICIT_RETAIN_SELF = YES;
				CLANG_WARN_OBJC_LITERAL_CONVERSION = YES;
				CLANG_WARN_OBJC_ROOT_CLASS = YES_ERROR;
				CLANG_WARN_QUOTED_INCLUDE_IN_FRAMEWORK_HEADER = YES;
				CLANG_WARN_RANGE_LOOP_ANALYSIS = YES;
				CLANG_WARN_STRICT_PROTOTYPES = YES;
				CLANG_WARN_SUSPICIOUS_MOVE = YES;
				CLANG_WARN_UNGUARDED_AVAILABILITY = YES_AGGRESSIVE;
				CLANG_WARN_UNREACHABLE_CODE = YES;
				CLANG_WARN__DUPLICATE_METHOD_MATCH = YES;
				COPY_PHASE_STRIP = NO;
				DEBUG_INFORMATION_FORMAT = dwarf;
				ENABLE_STRICT_OBJC_MSGSEND = YES;
				ENABLE_TESTABILITY = YES;
				GCC_C_LANGUAGE_STANDARD = gnu11;
				GCC_DYNAMIC_NO_PIC = NO;
				GCC_NO_COMMON_BLOCKS = YES;
				GCC_OPTIMIZATION_LEVEL = 0;
				GCC_PREPROCESSOR_DEFINITIONS = (
					"DEBUG=1",
					"$(inherited)",
				);
				GCC_WARN_64_TO_32_BIT_CONVERSION = YES;
				GCC_WARN_ABOUT_RETURN_TYPE = YES_ERROR;
				GCC_WARN_UNDECLARED_SELECTOR = YES;
				GCC_WARN_UNINITIALIZED_AUTOS = YES_AGGRESSIVE;
				GCC_WARN_UNUSED_FUNCTION = YES;
				GCC_WARN_UNUSED_VARIABLE = YES;
				IPHONEOS_DEPLOYMENT_TARGET = 16.1;
				MTL_ENABLE_DEBUG_INFO = INCLUDE_SOURCE;
				MTL_FAST_MATH = YES;
				ONLY_ACTIVE_ARCH = YES;
				SDKROOT = iphoneos;
				SWIFT_ACTIVE_COMPILATION_CONDITIONS = DEBUG;
				SWIFT_OPTIMIZATION_LEVEL = "-Onone";
			};
			name = Debug;
		};
		D9F7CD532A1BEB0400AF79AC /* Release */ = {
			isa = XCBuildConfiguration;
			buildSettings = {
				ALWAYS_SEARCH_USER_PATHS = NO;
				CLANG_ANALYZER_NONNULL = YES;
				CLANG_ANALYZER_NUMBER_OBJECT_CONVERSION = YES_AGGRESSIVE;
				CLANG_CXX_LANGUAGE_STANDARD = "gnu++20";
				CLANG_ENABLE_MODULES = YES;
				CLANG_ENABLE_OBJC_ARC = YES;
				CLANG_ENABLE_OBJC_WEAK = YES;
				CLANG_WARN_BLOCK_CAPTURE_AUTORELEASING = YES;
				CLANG_WARN_BOOL_CONVERSION = YES;
				CLANG_WARN_COMMA = YES;
				CLANG_WARN_CONSTANT_CONVERSION = YES;
				CLANG_WARN_DEPRECATED_OBJC_IMPLEMENTATIONS = YES;
				CLANG_WARN_DIRECT_OBJC_ISA_USAGE = YES_ERROR;
				CLANG_WARN_DOCUMENTATION_COMMENTS = YES;
				CLANG_WARN_EMPTY_BODY = YES;
				CLANG_WARN_ENUM_CONVERSION = YES;
				CLANG_WARN_INFINITE_RECURSION = YES;
				CLANG_WARN_INT_CONVERSION = YES;
				CLANG_WARN_NON_LITERAL_NULL_CONVERSION = YES;
				CLANG_WARN_OBJC_IMPLICIT_RETAIN_SELF = YES;
				CLANG_WARN_OBJC_LITERAL_CONVERSION = YES;
				CLANG_WARN_OBJC_ROOT_CLASS = YES_ERROR;
				CLANG_WARN_QUOTED_INCLUDE_IN_FRAMEWORK_HEADER = YES;
				CLANG_WARN_RANGE_LOOP_ANALYSIS = YES;
				CLANG_WARN_STRICT_PROTOTYPES = YES;
				CLANG_WARN_SUSPICIOUS_MOVE = YES;
				CLANG_WARN_UNGUARDED_AVAILABILITY = YES_AGGRESSIVE;
				CLANG_WARN_UNREACHABLE_CODE = YES;
				CLANG_WARN__DUPLICATE_METHOD_MATCH = YES;
				COPY_PHASE_STRIP = NO;
				DEBUG_INFORMATION_FORMAT = "dwarf-with-dsym";
				ENABLE_NS_ASSERTIONS = NO;
				ENABLE_STRICT_OBJC_MSGSEND = YES;
				GCC_C_LANGUAGE_STANDARD = gnu11;
				GCC_NO_COMMON_BLOCKS = YES;
				GCC_WARN_64_TO_32_BIT_CONVERSION = YES;
				GCC_WARN_ABOUT_RETURN_TYPE = YES_ERROR;
				GCC_WARN_UNDECLARED_SELECTOR = YES;
				GCC_WARN_UNINITIALIZED_AUTOS = YES_AGGRESSIVE;
				GCC_WARN_UNUSED_FUNCTION = YES;
				GCC_WARN_UNUSED_VARIABLE = YES;
				IPHONEOS_DEPLOYMENT_TARGET = 16.1;
				MTL_ENABLE_DEBUG_INFO = NO;
				MTL_FAST_MATH = YES;
				SDKROOT = iphoneos;
				SWIFT_COMPILATION_MODE = wholemodule;
				SWIFT_OPTIMIZATION_LEVEL = "-O";
				VALIDATE_PRODUCT = YES;
			};
			name = Release;
		};
		D9F7CD552A1BEB0400AF79AC /* Debug */ = {
			isa = XCBuildConfiguration;
			buildSettings = {
				ASSETCATALOG_COMPILER_APPICON_NAME = AppIcon;
				ASSETCATALOG_COMPILER_GLOBAL_ACCENT_COLOR_NAME = AccentColor;
				CODE_SIGN_STYLE = Automatic;
				CURRENT_PROJECT_VERSION = 1;
				DEVELOPMENT_ASSET_PATHS = "\"graphUtils/Preview Content\"";
				DEVELOPMENT_TEAM = Q9DMZ9TPXQ;
				ENABLE_PREVIEWS = YES;
				GENERATE_INFOPLIST_FILE = YES;
				INFOPLIST_KEY_UIApplicationSceneManifest_Generation = YES;
				INFOPLIST_KEY_UIApplicationSupportsIndirectInputEvents = YES;
				INFOPLIST_KEY_UILaunchScreen_Generation = YES;
				INFOPLIST_KEY_UISupportedInterfaceOrientations_iPad = "UIInterfaceOrientationPortrait UIInterfaceOrientationPortraitUpsideDown UIInterfaceOrientationLandscapeLeft UIInterfaceOrientationLandscapeRight";
				INFOPLIST_KEY_UISupportedInterfaceOrientations_iPhone = "UIInterfaceOrientationPortrait UIInterfaceOrientationLandscapeLeft UIInterfaceOrientationLandscapeRight";
				IPHONEOS_DEPLOYMENT_TARGET = 14.0;
				LD_RUNPATH_SEARCH_PATHS = (
					"$(inherited)",
					"@executable_path/Frameworks",
				);
				MARKETING_VERSION = 1.0;
				PRODUCT_BUNDLE_IDENTIFIER = "Dmitry-Bobrov.graphUtils";
				PRODUCT_NAME = "$(TARGET_NAME)";
				SWIFT_EMIT_LOC_STRINGS = YES;
				SWIFT_VERSION = 5.0;
				TARGETED_DEVICE_FAMILY = "1,2";
			};
			name = Debug;
		};
		D9F7CD562A1BEB0400AF79AC /* Release */ = {
			isa = XCBuildConfiguration;
			buildSettings = {
				ASSETCATALOG_COMPILER_APPICON_NAME = AppIcon;
				ASSETCATALOG_COMPILER_GLOBAL_ACCENT_COLOR_NAME = AccentColor;
				CODE_SIGN_STYLE = Automatic;
				CURRENT_PROJECT_VERSION = 1;
				DEVELOPMENT_ASSET_PATHS = "\"graphUtils/Preview Content\"";
				DEVELOPMENT_TEAM = Q9DMZ9TPXQ;
				ENABLE_PREVIEWS = YES;
				GENERATE_INFOPLIST_FILE = YES;
				INFOPLIST_KEY_UIApplicationSceneManifest_Generation = YES;
				INFOPLIST_KEY_UIApplicationSupportsIndirectInputEvents = YES;
				INFOPLIST_KEY_UILaunchScreen_Generation = YES;
				INFOPLIST_KEY_UISupportedInterfaceOrientations_iPad = "UIInterfaceOrientationPortrait UIInterfaceOrientationPortraitUpsideDown UIInterfaceOrientationLandscapeLeft UIInterfaceOrientationLandscapeRight";
				INFOPLIST_KEY_UISupportedInterfaceOrientations_iPhone = "UIInterfaceOrientationPortrait UIInterfaceOrientationLandscapeLeft UIInterfaceOrientationLandscapeRight";
				IPHONEOS_DEPLOYMENT_TARGET = 14.0;
				LD_RUNPATH_SEARCH_PATHS = (
					"$(inherited)",
					"@executable_path/Frameworks",
				);
				MARKETING_VERSION = 1.0;
				PRODUCT_BUNDLE_IDENTIFIER = "Dmitry-Bobrov.graphUtils";
				PRODUCT_NAME = "$(TARGET_NAME)";
				SWIFT_EMIT_LOC_STRINGS = YES;
				SWIFT_VERSION = 5.0;
				TARGETED_DEVICE_FAMILY = "1,2";
			};
			name = Release;
		};
/* End XCBuildConfiguration section */

/* Begin XCConfigurationList section */
		D9F7CD3C2A1BEB0300AF79AC /* Build configuration list for PBXProject "graphUtils" */ = {
			isa = XCConfigurationList;
			buildConfigurations = (
				D9F7CD522A1BEB0400AF79AC /* Debug */,
				D9F7CD532A1BEB0400AF79AC /* Release */,
			);
			defaultConfigurationIsVisible = 0;
			defaultConfigurationName = Release;
		};
		D9F7CD542A1BEB0400AF79AC /* Build configuration list for PBXNativeTarget "graphUtils" */ = {
			isa = XCConfigurationList;
			buildConfigurations = (
				D9F7CD552A1BEB0400AF79AC /* Debug */,
				D9F7CD562A1BEB0400AF79AC /* Release */,
			);
			defaultConfigurationIsVisible = 0;
			defaultConfigurationName = Release;
		};
/* End XCConfigurationList section */

/* Begin XCVersionGroup section */
		D9F7CD4F2A1BEB0400AF79AC /* graphUtils.xcdatamodeld */ = {
			isa = XCVersionGroup;
			children = (
				D9F7CD502A1BEB0400AF79AC /* graphUtils.xcdatamodel */,
			);
			currentVersion = D9F7CD502A1BEB0400AF79AC /* graphUtils.xcdatamodel */;
			path = graphUtils.xcdatamodeld;
			sourceTree = "<group>";
			versionGroupType = wrapper.xcdatamodel;
		};
/* End XCVersionGroup section */
	};
	rootObject = D9F7CD392A1BEB0300AF79AC /* Project object */;
}
